<?xml version="1.0" encoding="UTF-8"?>
<CONFIG>
  <ProjectOptions>
    <Version Value="12"/>
    <PathDelim Value="\"/>
    <General>
      <Flags>
        <SaveClosedFiles Value="False"/>
      </Flags>
      <SessionStorage Value="InProjectDir"/>
      <AutoCreateForms Value="False"/>
      <Title Value="Xolmis"/>
      <Scaled Value="True"/>
      <ResourceType Value="res"/>
      <UseXPManifest Value="True"/>
      <XPManifest>
        <DpiAware Value="True/PM_V2"/>
        <TextDesc Value=""/>
      </XPManifest>
      <Icon Value="0"/>
    </General>
    <LazDoc Paths="..\source_docs"/>
    <i18n>
      <EnableI18N Value="True"/>
      <OutDir Value="..\languages"/>
      <ExcludedIdentifiers Count="161">
        <Item1 Value="tfrmCustomGrid.Caption"/>
        <Item2 Value="tfrmCustomList.Caption"/>
        <Item3 Value="tdlgProgress.lblTitle.Caption"/>
        <Item4 Value="tdlgProgress.lStatus.Caption"/>
        <Item5 Value="tdlgProgress.Caption"/>
        <Item6 Value="tlstCycleCode.pSigla.Caption"/>
        <Item7 Value="tdlgCalendar.rbAdicionar.Caption"/>
        <Item8 Value="tdlgCalendar.rbSubtrair.Caption"/>
        <Item9 Value="tdlgConnect.Caption"/>
        <Item10 Value="tdlgLogin.Caption"/>
        <Item11 Value="tdlgValidate.Caption"/>
        <Item12 Value="tedtEgg.Caption"/>
        <Item13 Value="tedtEgg.eMeasureDate.Text"/>
        <Item14 Value="tedtNestRevision.Caption"/>
        <Item15 Value="tedtNestRevision.eRevisionDate.Text"/>
        <Item16 Value="tedtBands.Caption"/>
        <Item17 Value="tedtBands.eDischargeDate.Text"/>
        <Item18 Value="tedtBands.eOrderDate.Text"/>
        <Item19 Value="tedtBands.eReceiptDate.Text"/>
        <Item20 Value="tedtBands.eReportDate.Text"/>
        <Item21 Value="tedtBands.eUseDate.Text"/>
        <Item22 Value="tedtBotanicTaxon.Caption"/>
        <Item23 Value="tedtCapture.Caption"/>
        <Item24 Value="tedtImageInfo.Caption"/>
        <Item25 Value="tedtIndividual.Caption"/>
        <Item26 Value="tedtInstitution.Caption"/>
        <Item27 Value="tedtMethod.Caption"/>
        <Item28 Value="tedtMolt.Caption"/>
        <Item29 Value="tedtNest.Caption"/>
        <Item30 Value="tedtNetEffort.Caption"/>
        <Item31 Value="tedtNetStation.Caption"/>
        <Item32 Value="tedtPermanentNet.Caption"/>
        <Item33 Value="tedtPermit.Caption"/>
        <Item34 Value="tedtPerson.Caption"/>
        <Item35 Value="tedtProject.Caption"/>
        <Item36 Value="tedtExpedition.Caption"/>
        <Item37 Value="tedtSurvey.Caption"/>
        <Item38 Value="tedtSighting.Caption"/>
        <Item39 Value="tedtWeatherLog.Caption"/>
        <Item40 Value="tedtSite.Caption"/>
        <Item41 Value="tedtSpecimen.Caption"/>
        <Item42 Value="tedtSamplePrep.Caption"/>
        <Item43 Value="tedtUser.Caption"/>
        <Item44 Value="tedtDatabase.Caption"/>
        <Item45 Value="tfrmMain.Caption"/>
        <Item46 Value="tdlgAbout.lblAppName.Caption"/>
        <Item47 Value="tdlgAbout.lblAppCopyright.Caption"/>
        <Item48 Value="tdlgAbout.pAppVersion.Caption"/>
        <Item49 Value="tdlgAbout.pClementsVersion.Caption"/>
        <Item50 Value="tdlgAbout.pIocVersion.Caption"/>
        <Item51 Value="tdlgAbout.pCbroVersion.Caption"/>
        <Item52 Value="tdlgAbout.lblClementsVersion.Caption"/>
        <Item53 Value="tdlgAbout.lblIocVersion.Caption"/>
        <Item54 Value="tdlgAbout.lblCbroVersion.Caption"/>
        <Item55 Value="tfrmdashboard.lbltotalindividuals.caption"/>
        <Item56 Value="tfrmdashboard.lbltotalnests.caption"/>
        <Item57 Value="tfrmdashboard.lbltotalsamplings.caption"/>
        <Item58 Value="tfrmdashboard.lbltotalspecies.caption"/>
        <Item59 Value="tfrmdashboard.txtAppUpdate.caption"/>
        <Item60 Value="tfrmcustomgrid.lblchildcount1.caption"/>
        <Item61 Value="tfrmcustomgrid.lblchildcount2.caption"/>
        <Item62 Value="tfrmcustomgrid.lblchildcount3.caption"/>
        <Item63 Value="tfrmcustomgrid.lblchildcount4.caption"/>
        <Item64 Value="tfrmcustomgrid.lblchildcount5.caption"/>
        <Item65 Value="tfrmcustomgrid.lblchildcount6.caption"/>
        <Item66 Value="tfrmcustomgrid.lblchildtag1.caption"/>
        <Item67 Value="tfrmcustomgrid.lblchildtag2.caption"/>
        <Item68 Value="tfrmcustomgrid.lblchildtag3.caption"/>
        <Item69 Value="tfrmcustomgrid.lblchildtag4.caption"/>
        <Item70 Value="tfrmcustomgrid.lblchildtag5.caption"/>
        <Item71 Value="tfrmcustomgrid.lblchildtag6.caption"/>
        <Item72 Value="tfrmcustomgrid.lblrecyclewarning.caption"/>
        <Item73 Value="tfrmcustomgrid.txtProjectBalance.caption"/>
        <Item74 Value="tfrmcustomgrid.txtRubricBalance.caption"/>
        <Item75 Value="tdlgGeoAssist.pDecimal.caption"/>
        <Item76 Value="tdlgImportCaptures.lblTitleImportFinished.Caption"/>
        <Item77 Value="tdlgImportCaptures.lblSubtitleImportFinished.Caption"/>
        <Item78 Value="tcfgDatabase.vtConnections.Columns[0].Text"/>
        <Item79 Value="tedtMolt.lblP1.Caption"/>
        <Item80 Value="tedtMolt.lblP2.Caption"/>
        <Item81 Value="tedtMolt.lblP3.Caption"/>
        <Item82 Value="tedtMolt.lblP4.Caption"/>
        <Item83 Value="tedtMolt.lblP5.Caption"/>
        <Item84 Value="tedtMolt.lblP6.Caption"/>
        <Item85 Value="tedtMolt.lblP7.Caption"/>
        <Item86 Value="tedtMolt.lblP8.Caption"/>
        <Item87 Value="tedtMolt.lblP9.Caption"/>
        <Item88 Value="tedtMolt.lblP10.Caption"/>
        <Item89 Value="tedtMolt.lblS1.Caption"/>
        <Item90 Value="tedtMolt.lblS2.Caption"/>
        <Item91 Value="tedtMolt.lblS3.Caption"/>
        <Item92 Value="tedtMolt.lblS4.Caption"/>
        <Item93 Value="tedtMolt.lblS5.Caption"/>
        <Item94 Value="tedtMolt.lblS6.Caption"/>
        <Item95 Value="tedtMolt.lblS7.Caption"/>
        <Item96 Value="tedtMolt.lblS8.Caption"/>
        <Item97 Value="tedtMolt.lblS9.Caption"/>
        <Item98 Value="tedtMolt.lblR1.Caption"/>
        <Item99 Value="tedtMolt.lblR2.Caption"/>
        <Item100 Value="tedtMolt.lblR3.Caption"/>
        <Item101 Value="tedtMolt.lblR4.Caption"/>
        <Item102 Value="tedtMolt.lblR5.Caption"/>
        <Item103 Value="tedtMolt.lblR6.Caption"/>
        <Item104 Value="tedtMolt.lblPC1.Caption"/>
        <Item105 Value="tedtMolt.lblPC2.Caption"/>
        <Item106 Value="tedtMolt.lblPC3.Caption"/>
        <Item107 Value="tedtMolt.lblPC4.Caption"/>
        <Item108 Value="tedtMolt.lblPC5.Caption"/>
        <Item109 Value="tedtMolt.lblPC6.Caption"/>
        <Item110 Value="tedtMolt.lblPC7.Caption"/>
        <Item111 Value="tedtMolt.lblPC8.Caption"/>
        <Item112 Value="tedtMolt.lblPC9.Caption"/>
        <Item113 Value="tedtMolt.lblGC1.Caption"/>
        <Item114 Value="tedtMolt.lblGC2.Caption"/>
        <Item115 Value="tedtMolt.lblGC3.Caption"/>
        <Item116 Value="tedtMolt.lblGC4.Caption"/>
        <Item117 Value="tedtMolt.lblGC5.Caption"/>
        <Item118 Value="tedtMolt.lblGC6.Caption"/>
        <Item119 Value="tedtMolt.lblGC7.Caption"/>
        <Item120 Value="tedtMolt.lblGC8.Caption"/>
        <Item121 Value="tedtMolt.lblGC9.Caption"/>
        <Item122 Value="tedtMolt.lblGC10.Caption"/>
        <Item123 Value="tedtMolt.lblAl1.Caption"/>
        <Item124 Value="tedtMolt.lblAl2.Caption"/>
        <Item125 Value="tedtMolt.lblAl3.Caption"/>
        <Item126 Value="tedtMolt.lblMC.Caption"/>
        <Item127 Value="tedtMolt.lblLC.Caption"/>
        <Item128 Value="tedtMolt.lblCC.Caption"/>
        <Item129 Value="tfrmimageviewer.lblzoom.caption"/>
        <Item130 Value="tfrmimageviewer.lblsize.caption"/>
        <Item131 Value="tfrmprintpreview.lblzoom.caption"/>
        <Item132 Value="tfrmprintpreview.lblpage.caption"/>
        <Item133 Value="tdlgImportXMobile.txtDataType.Caption"/>
        <Item134 Value="tdlgImportXMobile.txtListType.Caption"/>
        <Item135 Value="tedtNetEffort.txtNetArea.Caption"/>
        <Item136 Value="tedtNetEffort.txtTotalOpenTime.Caption"/>
        <Item137 Value="tedtSurvey.txtNetEffort.Caption"/>
        <Item138 Value="tedtEgg.txtVolume.Caption"/>
        <Item139 Value="tedtProjectMember.Caption"/>
        <Item140 Value="tedtSurveyMember.Caption"/>
        <Item141 Value="tedtCollector.Caption"/>
        <Item142 Value="tedtProjectGoal.Caption"/>
        <Item143 Value="tedtProjectActivity.Caption"/>
        <Item144 Value="tedtProjectRubric.Caption"/>
        <Item145 Value="tedtProjectExpense.Caption"/>
        <Item146 Value="tedtFeather.Caption"/>
        <Item147 Value="tfrmMaintenance.lblDatabaseBackup.Caption"/>
        <Item148 Value="tfrmMaintenance.lblManageLogs.Caption"/>
        <Item149 Value="tfrmMaintenance.lblClearTemporaryFiles.Caption"/>
        <Item150 Value="tfrmMaintenance.lblRecreateImageThumbnails.Caption"/>
        <Item151 Value="tfrmTaxa.txtNestProductivity.Caption"/>
        <Item152 Value="tdlgLoading.Caption"/>
        <Item153 Value="tdlgLoading.lblLoading.Caption"/>
        <Item154 Value="tdlgSplash.lblAppName.Caption"/>
        <Item155 Value="tdlgSplash.lblProgress.Caption"/>
        <Item156 Value="tdlgSelectRecord.lblSelectInfo.Caption"/>
        <Item157 Value="tbatchBandsTransfer.txtSender.Caption"/>
        <Item158 Value="tdlgAbout.linkClements.Hint"/>
        <Item159 Value="tfrmMain.SBar.Panels[3].Text"/>
        <Item160 Value="tfrmMain.SBar.Panels[4].Text"/>
        <Item161 Value="tfrmMain.SBar.Panels[5].Text"/>
      </ExcludedIdentifiers>
    </i18n>
    <VersionInfo>
      <UseVersionInfo Value="True"/>
      <AutoIncrementBuild Value="True"/>
      <MinorVersionNr Value="1"/>
      <BuildNr Value="476"/>
      <Attributes pvaPreRelease="True"/>
      <StringTable CompanyName="Christian Beier" LegalCopyright="© 2023-2025 Christian Beier" ProductName="Xolmis" ProductVersion="0.1"/>
    </VersionInfo>
    <BuildModes>
      <Item Name="Default" Default="True"/>
      <Item Name="Debug">
        <CompilerOptions>
          <Version Value="11"/>
          <PathDelim Value="\"/>
          <Target>
            <Filename Value="../$(TargetOS)/$(BuildMode)-$(TargetCPU)/Xolmis"/>
          </Target>
          <SearchPaths>
            <IncludeFiles Value="$(ProjOutDir);C:\lazarus_RC\fpc\3.2.2\source\packages\rtl-generics\src\"/>
            <OtherUnitFiles Value="utils;models;data;dialogs;edit_dialogs;data_modules;screens;io"/>
            <UnitOutputDirectory Value="..\lib\$(TargetCPU)-$(TargetOS)"/>
          </SearchPaths>
          <Parsing>
            <SyntaxOptions>
              <IncludeAssertionCode Value="True"/>
            </SyntaxOptions>
          </Parsing>
          <CodeGeneration>
            <Checks>
              <IOChecks Value="True"/>
              <RangeChecks Value="True"/>
              <OverflowChecks Value="True"/>
              <StackChecks Value="True"/>
            </Checks>
            <VerifyObjMethodCallValidity Value="True"/>
            <TargetCPU Value="x86_64"/>
            <TargetOS Value="win64"/>
          </CodeGeneration>
          <Linking>
            <Debugging>
              <DebugInfoType Value="dsDwarf3"/>
              <UseHeaptrc Value="True"/>
              <TrashVariables Value="True"/>
              <UseExternalDbgSyms Value="True"/>
            </Debugging>
            <Options>
              <Win32>
                <GraphicApplication Value="True"/>
              </Win32>
            </Options>
          </Linking>
          <Other>
            <Verbosity>
              <ShowHintsForUnusedUnitsInMainSrc Value="True"/>
              <ShowHintsForSenderNotUsed Value="True"/>
            </Verbosity>
            <WriteFPCLogo Value="False"/>
            <CustomOptions Value="-dDEBUG"/>
          </Other>
        </CompilerOptions>
      </Item>
      <Item Name="Release-Win64">
        <MacroValues Count="1">
          <Macro1 Name="LCLWidgetType" Value="win32"/>
        </MacroValues>
        <CompilerOptions>
          <Version Value="11"/>
          <PathDelim Value="\"/>
          <Target>
            <Filename Value="../$(TargetOS)/$(TargetCPU)/Xolmis"/>
          </Target>
          <SearchPaths>
            <IncludeFiles Value="$(ProjOutDir)"/>
            <OtherUnitFiles Value="utils;models;data;dialogs;edit_dialogs;data_modules;screens;io"/>
            <UnitOutputDirectory Value="..\lib\$(TargetCPU)-$(TargetOS)"/>
          </SearchPaths>
          <CodeGeneration>
            <SmartLinkUnit Value="True"/>
            <TargetCPU Value="x86_64"/>
            <TargetOS Value="win64"/>
            <Optimizations>
              <OptimizationLevel Value="3"/>
            </Optimizations>
          </CodeGeneration>
          <Linking>
            <Debugging>
              <GenerateDebugInfo Value="False"/>
              <RunWithoutDebug Value="True"/>
              <DebugInfoType Value="dsDwarf3"/>
              <StripSymbols Value="True"/>
            </Debugging>
            <LinkSmart Value="True"/>
            <Options>
              <Win32>
                <GraphicApplication Value="True"/>
              </Win32>
            </Options>
          </Linking>
          <Other>
            <WriteFPCLogo Value="False"/>
          </Other>
        </CompilerOptions>
      </Item>
      <Item Name="Release-MacOS">
        <MacroValues Count="1">
          <Macro2 Name="LCLWidgetType" Value="cocoa"/>
        </MacroValues>
        <CompilerOptions>
          <Version Value="11"/>
          <PathDelim Value="\"/>
          <Target>
            <Filename Value="../$(TargetOS)/$(TargetCPU)/Xolmis"/>
          </Target>
          <SearchPaths>
            <IncludeFiles Value="$(ProjOutDir)"/>
            <OtherUnitFiles Value="types;dialogs;edit_dialogs;io"/>
            <UnitOutputDirectory Value="..\lib\$(TargetCPU)-$(TargetOS)"/>
          </SearchPaths>
          <CodeGeneration>
            <SmartLinkUnit Value="True"/>
            <TargetCPU Value="x86_64"/>
            <TargetOS Value="darwin"/>
            <Optimizations>
              <OptimizationLevel Value="3"/>
            </Optimizations>
          </CodeGeneration>
          <Linking>
            <Debugging>
              <GenerateDebugInfo Value="False"/>
              <RunWithoutDebug Value="True"/>
              <DebugInfoType Value="dsDwarf3"/>
              <StripSymbols Value="True"/>
            </Debugging>
            <LinkSmart Value="True"/>
            <Options>
              <Win32>
                <GraphicApplication Value="True"/>
              </Win32>
            </Options>
          </Linking>
          <Other>
            <Verbosity>
              <ShowHintsForUnusedUnitsInMainSrc Value="True"/>
              <ShowHintsForSenderNotUsed Value="True"/>
            </Verbosity>
            <OtherDefines Count="1">
              <Define0 Value="DEBUG"/>
            </OtherDefines>
          </Other>
        </CompilerOptions>
      </Item>
      <Item Name="Release-GTK">
        <MacroValues Count="1">
          <Macro3 Name="LCLWidgetType" Value="gtk2"/>
        </MacroValues>
        <CompilerOptions>
          <Version Value="11"/>
          <PathDelim Value="\"/>
          <Target>
            <Filename Value="../$(TargetOS)/$(TargetCPU)/Xolmis"/>
          </Target>
          <SearchPaths>
            <IncludeFiles Value="$(ProjOutDir)"/>
            <OtherUnitFiles Value="types;dialogs;edit_dialogs;io"/>
            <UnitOutputDirectory Value="..\lib\$(TargetCPU)-$(TargetOS)"/>
          </SearchPaths>
          <CodeGeneration>
            <SmartLinkUnit Value="True"/>
            <TargetCPU Value="x86_64"/>
            <TargetOS Value="linux"/>
            <Optimizations>
              <OptimizationLevel Value="3"/>
            </Optimizations>
          </CodeGeneration>
          <Linking>
            <Debugging>
              <GenerateDebugInfo Value="False"/>
              <RunWithoutDebug Value="True"/>
              <DebugInfoType Value="dsDwarf3"/>
              <StripSymbols Value="True"/>
            </Debugging>
            <LinkSmart Value="True"/>
            <Options>
              <Win32>
                <GraphicApplication Value="True"/>
              </Win32>
            </Options>
          </Linking>
          <Other>
            <Verbosity>
              <ShowHintsForUnusedUnitsInMainSrc Value="True"/>
              <ShowHintsForSenderNotUsed Value="True"/>
            </Verbosity>
            <OtherDefines Count="1">
              <Define0 Value="DEBUG"/>
            </OtherDefines>
          </Other>
        </CompilerOptions>
      </Item>
      <Item Name="Release-Qt">
        <MacroValues Count="1">
          <Macro4 Name="LCLWidgetType" Value="qt"/>
        </MacroValues>
        <CompilerOptions>
          <Version Value="11"/>
          <PathDelim Value="\"/>
          <Target>
            <Filename Value="../$(TargetOS)/$(TargetCPU)/Xolmis"/>
          </Target>
          <SearchPaths>
            <IncludeFiles Value="$(ProjOutDir)"/>
            <OtherUnitFiles Value="types;dialogs;edit_dialogs;io"/>
            <UnitOutputDirectory Value="..\lib\$(TargetCPU)-$(TargetOS)"/>
          </SearchPaths>
          <CodeGeneration>
            <SmartLinkUnit Value="True"/>
            <TargetCPU Value="x86_64"/>
            <TargetOS Value="linux"/>
            <Optimizations>
              <OptimizationLevel Value="3"/>
            </Optimizations>
          </CodeGeneration>
          <Linking>
            <Debugging>
              <GenerateDebugInfo Value="False"/>
              <RunWithoutDebug Value="True"/>
              <DebugInfoType Value="dsDwarf3"/>
              <StripSymbols Value="True"/>
            </Debugging>
            <LinkSmart Value="True"/>
            <Options>
              <Win32>
                <GraphicApplication Value="True"/>
              </Win32>
            </Options>
          </Linking>
          <Other>
            <Verbosity>
              <ShowHintsForUnusedUnitsInMainSrc Value="True"/>
              <ShowHintsForSenderNotUsed Value="True"/>
            </Verbosity>
            <OtherDefines Count="1">
              <Define0 Value="DEBUG"/>
            </OtherDefines>
          </Other>
        </CompilerOptions>
      </Item>
    </BuildModes>
    <PublishOptions>
      <Version Value="2"/>
      <DestinationDirectory Value="$(ProjPath)\published\"/>
      <CompressFinally Value="False"/>
      <OpenInFileMan Value="True"/>
      <UseFileFilters Value="True"/>
    </PublishOptions>
    <RunParams>
      <FormatVersion Value="2"/>
    </RunParams>
    <RequiredPackages>
      <Item>
        <PackageName Value="DBFLaz"/>
      </Item>
      <Item>
        <PackageName Value="laz_fpspreadsheet_dataset"/>
      </Item>
      <Item>
        <PackageName Value="DragDropLazarus"/>
      </Item>
      <Item>
        <PackageName Value="Printer4Lazarus"/>
      </Item>
      <Item>
        <PackageName Value="lr_pdfexport"/>
      </Item>
      <Item>
        <PackageName Value="lr_DialogDesign"/>
      </Item>
      <Item>
        <PackageName Value="lazreport"/>
      </Item>
      <Item>
        <PackageName Value="MemDSLaz"/>
      </Item>
      <Item>
        <PackageName Value="lazmapviewer_bgra"/>
      </Item>
      <Item>
        <PackageName Value="MetaDarkStyle"/>
      </Item>
      <Item>
        <PackageName Value="laz_fpspreadsheetexport_visual"/>
      </Item>
      <Item>
        <PackageName Value="lazdbexport"/>
      </Item>
      <Item>
        <PackageName Value="uniqueinstance_package"/>
      </Item>
      <Item>
        <PackageName Value="TAChartBgra"/>
      </Item>
      <Item>
        <PackageName Value="cbs_pack"/>
        <MaxVersion Minor="1"/>
      </Item>
      <Item>
        <PackageName Value="SQLDBLaz"/>
      </Item>
      <Item>
        <PackageName Value="TAChartLazarusPkg"/>
      </Item>
      <Item>
        <PackageName Value="FrameViewer09"/>
      </Item>
      <Item>
        <PackageName Value="SynEditDsgn"/>
      </Item>
      <Item>
        <PackageName Value="fpexif_pkg"/>
      </Item>
      <Item>
        <PackageName Value="ibcontrols"/>
      </Item>
      <Item>
        <PackageName Value="SynEdit"/>
      </Item>
      <Item>
        <PackageName Value="virtualdbgrid_package"/>
      </Item>
      <Item>
        <PackageName Value="bgracontrols"/>
      </Item>
      <Item>
        <PackageName Value="atflatcontrols_package"/>
      </Item>
      <Item>
        <PackageName Value="LazUtils"/>
      </Item>
      <Item>
        <PackageName Value="SDFLaz"/>
      </Item>
      <Item>
        <PackageName Value="lazMapViewerPkg"/>
      </Item>
      <Item>
        <PackageName Value="dcpcrypt"/>
      </Item>
      <Item>
        <PackageName Value="laz.virtualtreeview_package"/>
      </Item>
      <Item>
        <PackageName Value="BGRABitmapPack"/>
      </Item>
      <Item>
        <PackageName Value="FCL"/>
      </Item>
      <Item>
        <PackageName Value="LCL"/>
      </Item>
    </RequiredPackages>
    <Units>
      <Unit>
        <Filename Value="Xolmis.lpr"/>
        <IsPartOfProject Value="True"/>
      </Unit>
      <Unit>
        <Filename Value="ufrm_main.pp"/>
        <IsPartOfProject Value="True"/>
        <ComponentName Value="frmMain"/>
        <HasResources Value="True"/>
        <ResourceBaseClass Value="Form"/>
      </Unit>
      <Unit>
        <Filename Value="edit_dialogs\uedt_user.pp"/>
        <IsPartOfProject Value="True"/>
        <ComponentName Value="edtUser"/>
        <HasResources Value="True"/>
        <ResourceBaseClass Value="Form"/>
      </Unit>
      <Unit>
        <Filename Value="edit_dialogs\uedt_survey.pp"/>
        <IsPartOfProject Value="True"/>
        <ComponentName Value="edtSurvey"/>
        <HasResources Value="True"/>
        <ResourceBaseClass Value="Form"/>
      </Unit>
      <Unit>
        <Filename Value="edit_dialogs\uedt_site.pp"/>
        <IsPartOfProject Value="True"/>
        <ComponentName Value="edtSite"/>
        <HasResources Value="True"/>
        <ResourceBaseClass Value="Form"/>
      </Unit>
      <Unit>
        <Filename Value="edit_dialogs\uedt_sighting.pp"/>
        <IsPartOfProject Value="True"/>
        <ComponentName Value="edtSighting"/>
        <HasResources Value="True"/>
        <ResourceBaseClass Value="Form"/>
      </Unit>
      <Unit>
        <Filename Value="edit_dialogs\uedt_person.pp"/>
        <IsPartOfProject Value="True"/>
        <ComponentName Value="edtPerson"/>
        <HasResources Value="True"/>
        <ResourceBaseClass Value="Form"/>
      </Unit>
      <Unit>
        <Filename Value="edit_dialogs\uedt_permanentnet.pp"/>
        <IsPartOfProject Value="True"/>
        <ComponentName Value="edtPermanentNet"/>
        <HasResources Value="True"/>
        <ResourceBaseClass Value="Form"/>
      </Unit>
      <Unit>
        <Filename Value="edit_dialogs\uedt_samplingplot.pp"/>
        <IsPartOfProject Value="True"/>
        <ComponentName Value="edtSamplingPlot"/>
        <HasResources Value="True"/>
        <ResourceBaseClass Value="Form"/>
      </Unit>
      <Unit>
        <Filename Value="edit_dialogs\uedt_neteffort.pp"/>
        <IsPartOfProject Value="True"/>
        <ComponentName Value="edtNetEffort"/>
        <HasResources Value="True"/>
        <ResourceBaseClass Value="Form"/>
      </Unit>
      <Unit>
        <Filename Value="edit_dialogs\uedt_nestrevision.pp"/>
        <IsPartOfProject Value="True"/>
        <ComponentName Value="edtNestRevision"/>
        <HasResources Value="True"/>
        <ResourceBaseClass Value="Form"/>
      </Unit>
      <Unit>
        <Filename Value="edit_dialogs\uedt_nest.pp"/>
        <IsPartOfProject Value="True"/>
        <ComponentName Value="edtNest"/>
        <HasResources Value="True"/>
        <ResourceBaseClass Value="Form"/>
      </Unit>
      <Unit>
        <Filename Value="edit_dialogs\uedt_institution.pp"/>
        <IsPartOfProject Value="True"/>
        <ComponentName Value="edtInstitution"/>
        <HasResources Value="True"/>
        <ResourceBaseClass Value="Form"/>
      </Unit>
      <Unit>
        <Filename Value="edit_dialogs\uedt_individual.pp"/>
        <IsPartOfProject Value="True"/>
        <ComponentName Value="edtIndividual"/>
        <HasResources Value="True"/>
        <ResourceBaseClass Value="Form"/>
      </Unit>
      <Unit>
        <Filename Value="edit_dialogs\uedt_imageinfo.pp"/>
        <IsPartOfProject Value="True"/>
        <ComponentName Value="edtImageInfo"/>
        <HasResources Value="True"/>
        <ResourceBaseClass Value="Form"/>
      </Unit>
      <Unit>
        <Filename Value="edit_dialogs\uedt_expedition.pp"/>
        <IsPartOfProject Value="True"/>
        <ComponentName Value="edtExpedition"/>
        <HasResources Value="True"/>
        <ResourceBaseClass Value="Form"/>
      </Unit>
      <Unit>
        <Filename Value="edit_dialogs\uedt_egg.pp"/>
        <IsPartOfProject Value="True"/>
        <ComponentName Value="edtEgg"/>
        <HasResources Value="True"/>
        <ResourceBaseClass Value="Form"/>
      </Unit>
      <Unit>
        <Filename Value="edit_dialogs\uedt_database.pp"/>
        <IsPartOfProject Value="True"/>
        <ComponentName Value="edtDatabase"/>
        <HasResources Value="True"/>
        <ResourceBaseClass Value="Form"/>
      </Unit>
      <Unit>
        <Filename Value="edit_dialogs\uedt_capture.pp"/>
        <IsPartOfProject Value="True"/>
        <ComponentName Value="edtCapture"/>
        <HasResources Value="True"/>
        <ResourceBaseClass Value="Form"/>
      </Unit>
      <Unit>
        <Filename Value="edit_dialogs\uedt_botanictaxon.pp"/>
        <IsPartOfProject Value="True"/>
        <ComponentName Value="edtBotanicTaxon"/>
        <HasResources Value="True"/>
        <ResourceBaseClass Value="Form"/>
      </Unit>
      <Unit>
        <Filename Value="edit_dialogs\uedt_bands.pp"/>
        <IsPartOfProject Value="True"/>
        <ComponentName Value="edtBands"/>
        <HasResources Value="True"/>
        <ResourceBaseClass Value="Form"/>
      </Unit>
      <Unit>
        <Filename Value="dialogs\udlg_about.pp"/>
        <IsPartOfProject Value="True"/>
        <ComponentName Value="dlgAbout"/>
        <HasResources Value="True"/>
        <ResourceBaseClass Value="Form"/>
      </Unit>
      <Unit>
        <Filename Value="dialogs\udlg_authorship.pp"/>
        <IsPartOfProject Value="True"/>
        <ComponentName Value="dlgAuthorship"/>
        <HasResources Value="True"/>
        <ResourceBaseClass Value="Form"/>
      </Unit>
      <Unit>
        <Filename Value="dialogs\udlg_bandhistory.pp"/>
        <IsPartOfProject Value="True"/>
        <ComponentName Value="dlgBandHistory"/>
        <HasResources Value="True"/>
        <ResourceBaseClass Value="Form"/>
      </Unit>
      <Unit>
        <Filename Value="dialogs\udlg_bandsbalance.pp"/>
        <IsPartOfProject Value="True"/>
        <ComponentName Value="dlgBandsBalance"/>
        <HasResources Value="True"/>
        <ResourceBaseClass Value="Form"/>
      </Unit>
      <Unit>
        <Filename Value="dialogs\udlg_calendar.pp"/>
        <IsPartOfProject Value="True"/>
        <ComponentName Value="dlgCalendar"/>
        <HasResources Value="True"/>
        <ResourceBaseClass Value="Form"/>
      </Unit>
      <Unit>
        <Filename Value="dialogs\udlg_changepassword.pp"/>
        <IsPartOfProject Value="True"/>
        <ComponentName Value="dlgChangePassword"/>
        <HasResources Value="True"/>
        <ResourceBaseClass Value="Form"/>
      </Unit>
      <Unit>
        <Filename Value="dialogs\udlg_colorbands.pp"/>
        <IsPartOfProject Value="True"/>
        <ComponentName Value="dlgColorBands"/>
        <HasResources Value="True"/>
        <ResourceBaseClass Value="Form"/>
      </Unit>
      <Unit>
        <Filename Value="dialogs\udlg_connect.pp"/>
        <IsPartOfProject Value="True"/>
        <ComponentName Value="dlgConnect"/>
        <HasResources Value="True"/>
        <ResourceBaseClass Value="Form"/>
      </Unit>
      <Unit>
        <Filename Value="dialogs\udlg_find.pp"/>
        <IsPartOfProject Value="True"/>
        <ComponentName Value="dlgFind"/>
        <HasResources Value="True"/>
        <ResourceBaseClass Value="Form"/>
      </Unit>
      <Unit>
        <Filename Value="dialogs\udlg_findtaxon.pp"/>
        <IsPartOfProject Value="True"/>
        <ComponentName Value="dlgFindTaxon"/>
        <HasResources Value="True"/>
        <ResourceBaseClass Value="Form"/>
      </Unit>
      <Unit>
        <Filename Value="dialogs\udlg_geoassist.pp"/>
        <IsPartOfProject Value="True"/>
        <ComponentName Value="dlgGeoAssist"/>
        <HasResources Value="True"/>
        <ResourceBaseClass Value="Form"/>
      </Unit>
      <Unit>
        <Filename Value="dialogs\udlg_login.pp"/>
        <IsPartOfProject Value="True"/>
        <ComponentName Value="dlgLogin"/>
        <HasResources Value="True"/>
        <ResourceBaseClass Value="Form"/>
      </Unit>
      <Unit>
        <Filename Value="dialogs\udlg_plantminer.pp"/>
        <IsPartOfProject Value="True"/>
        <ComponentName Value="dlgPlantminer"/>
        <HasResources Value="True"/>
        <ResourceBaseClass Value="Form"/>
      </Unit>
      <Unit>
        <Filename Value="dialogs\udlg_progress.pp"/>
        <IsPartOfProject Value="True"/>
        <ComponentName Value="dlgProgress"/>
        <HasResources Value="True"/>
        <ResourceBaseClass Value="Form"/>
      </Unit>
      <Unit>
        <Filename Value="dialogs\udlg_rechistory.pp"/>
        <IsPartOfProject Value="True"/>
        <ComponentName Value="dlgRecHistory"/>
        <HasResources Value="True"/>
        <ResourceBaseClass Value="Form"/>
      </Unit>
      <Unit>
        <Filename Value="dialogs\udlg_validate.pp"/>
        <IsPartOfProject Value="True"/>
        <ComponentName Value="dlgValidate"/>
        <HasResources Value="True"/>
        <ResourceBaseClass Value="Form"/>
      </Unit>
      <Unit>
        <Filename Value="dialogs\ulst_breedingstatus.pp"/>
        <IsPartOfProject Value="True"/>
        <ComponentName Value="lstBreedingStatus"/>
        <HasResources Value="True"/>
        <ResourceBaseClass Value="Form"/>
      </Unit>
      <Unit>
        <Filename Value="dialogs\ulst_cyclecode.pp"/>
        <IsPartOfProject Value="True"/>
        <ComponentName Value="lstCycleCode"/>
        <HasResources Value="True"/>
        <ResourceBaseClass Value="Form"/>
      </Unit>
      <Unit>
        <Filename Value="dialogs\ulst_detectiontype.pp"/>
        <IsPartOfProject Value="True"/>
        <ComponentName Value="lstDetectionType"/>
        <HasResources Value="True"/>
        <ResourceBaseClass Value="Form"/>
      </Unit>
      <Unit>
        <Filename Value="dialogs\ulst_howsexedaged.pp"/>
        <IsPartOfProject Value="True"/>
        <ComponentName Value="lstHowSexedAged"/>
        <HasResources Value="True"/>
        <ResourceBaseClass Value="Form"/>
      </Unit>
      <Unit>
        <Filename Value="dialogs\ulst_moltlimits.pp"/>
        <IsPartOfProject Value="True"/>
        <ComponentName Value="lstMoltLimits"/>
        <HasResources Value="True"/>
        <ResourceBaseClass Value="Form"/>
      </Unit>
      <Unit>
        <Filename Value="edit_dialogs\ubatch_bands.pp"/>
        <IsPartOfProject Value="True"/>
        <ComponentName Value="batchBands"/>
        <HasResources Value="True"/>
        <ResourceBaseClass Value="Form"/>
      </Unit>
      <Unit>
        <Filename Value="edit_dialogs\ubatch_neteffort.pp"/>
        <IsPartOfProject Value="True"/>
        <ComponentName Value="batchNetEffort"/>
        <HasResources Value="True"/>
        <ResourceBaseClass Value="Form"/>
      </Unit>
      <Unit>
        <Filename Value="dialogs\udlg_importnests.pp"/>
        <IsPartOfProject Value="True"/>
        <ComponentName Value="dlgImportNests"/>
        <HasResources Value="True"/>
        <ResourceBaseClass Value="Form"/>
      </Unit>
      <Unit>
        <Filename Value="edit_dialogs\uedt_method.pp"/>
        <IsPartOfProject Value="True"/>
        <ComponentName Value="edtMethod"/>
        <HasResources Value="True"/>
        <ResourceBaseClass Value="Form"/>
      </Unit>
      <Unit>
        <Filename Value="edit_dialogs\uedt_weatherlog.pp"/>
        <IsPartOfProject Value="True"/>
        <ComponentName Value="edtWeatherLog"/>
        <HasResources Value="True"/>
        <ResourceBaseClass Value="Form"/>
      </Unit>
      <Unit>
        <Filename Value="edit_dialogs\uedt_project.pp"/>
        <IsPartOfProject Value="True"/>
        <ComponentName Value="edtProject"/>
        <HasResources Value="True"/>
        <ResourceBaseClass Value="Form"/>
      </Unit>
      <Unit>
        <Filename Value="edit_dialogs\uedt_permit.pp"/>
        <IsPartOfProject Value="True"/>
        <ComponentName Value="edtPermit"/>
        <HasResources Value="True"/>
        <ResourceBaseClass Value="Form"/>
      </Unit>
      <Unit>
        <Filename Value="edit_dialogs\uedt_sampleprep.pp"/>
        <IsPartOfProject Value="True"/>
        <ComponentName Value="edtSamplePrep"/>
        <HasResources Value="True"/>
        <ResourceBaseClass Value="Form"/>
      </Unit>
      <Unit>
        <Filename Value="edit_dialogs\uedt_specimen.pp"/>
        <IsPartOfProject Value="True"/>
        <ComponentName Value="edtSpecimen"/>
        <HasResources Value="True"/>
        <ResourceBaseClass Value="Form"/>
      </Unit>
      <Unit>
        <Filename Value="edit_dialogs\uedt_nestowner.pp"/>
        <IsPartOfProject Value="True"/>
        <ComponentName Value="edtNestOwner"/>
        <HasResources Value="True"/>
        <ResourceBaseClass Value="Form"/>
      </Unit>
      <Unit>
        <Filename Value="dialogs\udlg_newdatabase.pp"/>
        <IsPartOfProject Value="True"/>
        <ComponentName Value="dlgNewDatabase"/>
        <HasResources Value="True"/>
        <ResourceBaseClass Value="Form"/>
      </Unit>
      <Unit>
        <Filename Value="dialogs\udlg_export.pp"/>
        <IsPartOfProject Value="True"/>
        <ComponentName Value="dlgExport"/>
        <HasResources Value="True"/>
        <ResourceBaseClass Value="Form"/>
      </Unit>
      <Unit>
        <Filename Value="dialogs\udlg_importcaptures.pp"/>
        <IsPartOfProject Value="True"/>
        <ComponentName Value="dlgImportCaptures"/>
        <HasResources Value="True"/>
        <ResourceBaseClass Value="Form"/>
      </Unit>
      <Unit>
        <Filename Value="dialogs\udlg_recverifications.pp"/>
        <IsPartOfProject Value="True"/>
        <ComponentName Value="dlgRecVerifications"/>
        <HasResources Value="True"/>
        <ResourceBaseClass Value="Form"/>
      </Unit>
      <Unit>
        <Filename Value="edit_dialogs\uedt_recverification.pp"/>
        <IsPartOfProject Value="True"/>
        <ComponentName Value="edtRecVerification"/>
        <HasResources Value="True"/>
        <ResourceBaseClass Value="Form"/>
      </Unit>
      <Unit>
        <Filename Value="edit_dialogs\uedt_audioinfo.pp"/>
        <IsPartOfProject Value="True"/>
        <ComponentName Value="edtAudioInfo"/>
        <HasResources Value="True"/>
        <ResourceBaseClass Value="Form"/>
      </Unit>
      <Unit>
        <Filename Value="edit_dialogs\uedt_documentinfo.pp"/>
        <IsPartOfProject Value="True"/>
        <ComponentName Value="edtDocumentInfo"/>
        <HasResources Value="True"/>
        <ResourceBaseClass Value="Form"/>
      </Unit>
      <Unit>
        <Filename Value="dialogs\udlg_import.pp"/>
        <IsPartOfProject Value="True"/>
        <ComponentName Value="dlgImport"/>
        <HasResources Value="True"/>
        <ResourceBaseClass Value="Form"/>
      </Unit>
      <Unit>
        <Filename Value="dialogs\udlg_importxmobile.pp"/>
        <IsPartOfProject Value="True"/>
        <ComponentName Value="dlgImportXMobile"/>
        <HasResources Value="True"/>
        <ResourceBaseClass Value="Form"/>
      </Unit>
      <Unit>
        <Filename Value="edit_dialogs\uedt_vegetation.pp"/>
        <IsPartOfProject Value="True"/>
        <ComponentName Value="edtVegetation"/>
        <HasResources Value="True"/>
        <ResourceBaseClass Value="Form"/>
      </Unit>
      <Unit>
        <Filename Value="dialogs\udlg_exportpreview.pp"/>
        <IsPartOfProject Value="True"/>
        <ComponentName Value="dlgExportPreview"/>
        <HasResources Value="True"/>
        <ResourceBaseClass Value="Form"/>
      </Unit>
      <Unit>
        <Filename Value="models\models_birds.pp"/>
        <IsPartOfProject Value="True"/>
      </Unit>
      <Unit>
        <Filename Value="models\models_projects.pp"/>
        <IsPartOfProject Value="True"/>
      </Unit>
      <Unit>
        <Filename Value="models\models_breeding.pp"/>
        <IsPartOfProject Value="True"/>
      </Unit>
      <Unit>
        <Filename Value="models\models_sampling.pp"/>
        <IsPartOfProject Value="True"/>
      </Unit>
      <Unit>
        <Filename Value="models\models_botany.pp"/>
        <IsPartOfProject Value="True"/>
      </Unit>
      <Unit>
        <Filename Value="models\models_taxonomy.pp"/>
        <IsPartOfProject Value="True"/>
      </Unit>
      <Unit>
        <Filename Value="models\models_users.pp"/>
        <IsPartOfProject Value="True"/>
      </Unit>
      <Unit>
        <Filename Value="models\models_geo.pp"/>
        <IsPartOfProject Value="True"/>
      </Unit>
      <Unit>
        <Filename Value="models\models_record_types.pp"/>
        <IsPartOfProject Value="True"/>
      </Unit>
      <Unit>
        <Filename Value="data\data_management.pp"/>
        <IsPartOfProject Value="True"/>
      </Unit>
      <Unit>
        <Filename Value="data\data_columns.pp"/>
        <IsPartOfProject Value="True"/>
      </Unit>
      <Unit>
        <Filename Value="data\data_search.pp"/>
        <IsPartOfProject Value="True"/>
      </Unit>
      <Unit>
        <Filename Value="data\data_types.pp"/>
        <IsPartOfProject Value="True"/>
      </Unit>
      <Unit>
        <Filename Value="data\data_blobs.pp"/>
        <IsPartOfProject Value="True"/>
      </Unit>
      <Unit>
        <Filename Value="data\data_getvalue.pp"/>
        <IsPartOfProject Value="True"/>
      </Unit>
      <Unit>
        <Filename Value="io\io_core.pp"/>
        <IsPartOfProject Value="True"/>
      </Unit>
      <Unit>
        <Filename Value="utils\utils_autoupdate.pp"/>
        <IsPartOfProject Value="True"/>
      </Unit>
      <Unit>
        <Filename Value="utils\utils_backup.pp"/>
        <IsPartOfProject Value="True"/>
      </Unit>
      <Unit>
        <Filename Value="utils\utils_conversions.pp"/>
        <IsPartOfProject Value="True"/>
      </Unit>
      <Unit>
        <Filename Value="data\data_count.pp"/>
        <IsPartOfProject Value="True"/>
      </Unit>
      <Unit>
        <Filename Value="utils\utils_debug.pp"/>
        <IsPartOfProject Value="True"/>
      </Unit>
      <Unit>
        <Filename Value="utils\utils_dialogs.pp"/>
        <IsPartOfProject Value="True"/>
      </Unit>
      <Unit>
        <Filename Value="utils\utils_editdialogs.pp"/>
        <IsPartOfProject Value="True"/>
      </Unit>
      <Unit>
        <Filename Value="utils\utils_finddialogs.pp"/>
        <IsPartOfProject Value="True"/>
      </Unit>
      <Unit>
        <Filename Value="utils\utils_fullnames.pp"/>
        <IsPartOfProject Value="True"/>
      </Unit>
      <Unit>
        <Filename Value="utils\utils_global.pp"/>
        <IsPartOfProject Value="True"/>
      </Unit>
      <Unit>
        <Filename Value="utils\utils_graphics.pp"/>
        <IsPartOfProject Value="True"/>
      </Unit>
      <Unit>
        <Filename Value="utils\utils_locale.pp"/>
        <IsPartOfProject Value="True"/>
      </Unit>
      <Unit>
        <Filename Value="utils\utils_math.pp"/>
        <IsPartOfProject Value="True"/>
      </Unit>
      <Unit>
        <Filename Value="utils\utils_permissions.pp"/>
        <IsPartOfProject Value="True"/>
      </Unit>
      <Unit>
        <Filename Value="utils\utils_print.pp"/>
        <IsPartOfProject Value="True"/>
      </Unit>
      <Unit>
        <Filename Value="utils\utils_system.pp"/>
        <IsPartOfProject Value="True"/>
      </Unit>
      <Unit>
        <Filename Value="utils\utils_themes.pp"/>
        <IsPartOfProject Value="True"/>
      </Unit>
      <Unit>
        <Filename Value="utils\utils_validations.pp"/>
        <IsPartOfProject Value="True"/>
      </Unit>
      <Unit>
        <Filename Value="data\data_filters.pp"/>
        <IsPartOfProject Value="True"/>
      </Unit>
      <Unit>
        <Filename Value="data_modules\udm_main.pp"/>
        <IsPartOfProject Value="True"/>
        <ComponentName Value="DMM"/>
        <HasResources Value="True"/>
        <ResourceBaseClass Value="DataModule"/>
      </Unit>
      <Unit>
        <Filename Value="data_modules\udm_grid.pp"/>
        <IsPartOfProject Value="True"/>
        <ComponentName Value="DMG"/>
        <HasResources Value="True"/>
        <ResourceBaseClass Value="DataModule"/>
      </Unit>
      <Unit>
        <Filename Value="data_modules\udm_individuals.pp"/>
        <IsPartOfProject Value="True"/>
        <ComponentName Value="DMI"/>
        <HasResources Value="True"/>
        <ResourceBaseClass Value="DataModule"/>
      </Unit>
      <Unit>
        <Filename Value="data_modules\udm_lookup.pp"/>
        <IsPartOfProject Value="True"/>
        <ComponentName Value="DML"/>
        <HasResources Value="True"/>
        <ResourceBaseClass Value="DataModule"/>
      </Unit>
      <Unit>
        <Filename Value="data_modules\udm_sampling.pp"/>
        <IsPartOfProject Value="True"/>
        <ComponentName Value="DMS"/>
        <HasResources Value="True"/>
        <ResourceBaseClass Value="DataModule"/>
      </Unit>
      <Unit>
        <Filename Value="dialogs\ucfg_database.pp"/>
        <IsPartOfProject Value="True"/>
        <ComponentName Value="cfgDatabase"/>
        <HasResources Value="True"/>
        <ResourceBaseClass Value="Form"/>
      </Unit>
      <Unit>
        <Filename Value="dialogs\ucfg_delimiters.pp"/>
        <IsPartOfProject Value="True"/>
        <ComponentName Value="cfgDelimiters"/>
        <HasResources Value="True"/>
        <ResourceBaseClass Value="Form"/>
      </Unit>
      <Unit>
        <Filename Value="dialogs\ucfg_options.pp"/>
        <IsPartOfProject Value="True"/>
        <ComponentName Value="cfgOptions"/>
        <HasResources Value="True"/>
        <ResourceBaseClass Value="Form"/>
      </Unit>
      <Unit>
        <Filename Value="dialogs\ucfg_users.pp"/>
        <IsPartOfProject Value="True"/>
        <ComponentName Value="cfgUsers"/>
        <HasResources Value="True"/>
        <ResourceBaseClass Value="Form"/>
      </Unit>
      <Unit>
        <Filename Value="screens\ufrm_customgrid.pp"/>
        <IsPartOfProject Value="True"/>
        <ComponentName Value="frmCustomGrid"/>
        <HasResources Value="True"/>
        <ResourceBaseClass Value="Form"/>
      </Unit>
      <Unit>
        <Filename Value="screens\ufrm_geoconverter.pp"/>
        <IsPartOfProject Value="True"/>
        <ComponentName Value="frmGeoConverter"/>
        <HasResources Value="True"/>
        <ResourceBaseClass Value="Form"/>
      </Unit>
      <Unit>
        <Filename Value="screens\ufrm_imageviewer.pp"/>
        <IsPartOfProject Value="True"/>
        <ComponentName Value="frmImageViewer"/>
        <HasResources Value="True"/>
        <ResourceBaseClass Value="Form"/>
      </Unit>
      <Unit>
        <Filename Value="screens\ufrm_maintenance.pp"/>
        <IsPartOfProject Value="True"/>
        <ComponentName Value="frmMaintenance"/>
        <HasResources Value="True"/>
        <ResourceBaseClass Value="Form"/>
      </Unit>
      <Unit>
        <Filename Value="screens\ufrm_printpreview.pp"/>
        <IsPartOfProject Value="True"/>
        <ComponentName Value="frmPrintPreview"/>
        <HasResources Value="True"/>
        <ResourceBaseClass Value="Form"/>
      </Unit>
      <Unit>
        <Filename Value="screens\ufrm_taxa.pp"/>
        <IsPartOfProject Value="True"/>
        <ComponentName Value="frmTaxa"/>
        <HasResources Value="True"/>
        <ResourceBaseClass Value="Form"/>
      </Unit>
      <Unit>
        <Filename Value="models\models_media.pp"/>
        <IsPartOfProject Value="True"/>
      </Unit>
      <Unit>
        <Filename Value="data\data_setparam.pp"/>
        <IsPartOfProject Value="True"/>
      </Unit>
      <Unit>
        <Filename Value="edit_dialogs\uedt_collector.pp"/>
        <IsPartOfProject Value="True"/>
        <ComponentName Value="edtCollector"/>
        <HasResources Value="True"/>
        <ResourceBaseClass Value="Form"/>
      </Unit>
      <Unit>
        <Filename Value="edit_dialogs\uedt_surveymember.pp"/>
        <IsPartOfProject Value="True"/>
        <ComponentName Value="edtSurveyMember"/>
        <HasResources Value="True"/>
        <ResourceBaseClass Value="Form"/>
      </Unit>
      <Unit>
        <Filename Value="edit_dialogs\uedt_projectmember.pp"/>
        <IsPartOfProject Value="True"/>
        <ComponentName Value="edtProjectMember"/>
        <HasResources Value="True"/>
        <ResourceBaseClass Value="Form"/>
      </Unit>
      <Unit>
        <Filename Value="edit_dialogs\uedt_projectgoal.pp"/>
        <IsPartOfProject Value="True"/>
        <ComponentName Value="edtProjectGoal"/>
        <HasResources Value="True"/>
        <ResourceBaseClass Value="Form"/>
      </Unit>
      <Unit>
        <Filename Value="edit_dialogs\uedt_projectactivity.pp"/>
        <IsPartOfProject Value="True"/>
        <ComponentName Value="edtProjectActivity"/>
        <HasResources Value="True"/>
        <ResourceBaseClass Value="Form"/>
      </Unit>
      <Unit>
        <Filename Value="edit_dialogs\uedt_projectrubric.pp"/>
        <IsPartOfProject Value="True"/>
        <ComponentName Value="edtProjectRubric"/>
        <HasResources Value="True"/>
        <ResourceBaseClass Value="Form"/>
      </Unit>
      <Unit>
        <Filename Value="edit_dialogs\uedt_projectexpense.pp"/>
        <IsPartOfProject Value="True"/>
        <ComponentName Value="edtProjectExpense"/>
        <HasResources Value="True"/>
        <ResourceBaseClass Value="Form"/>
      </Unit>
      <Unit>
        <Filename Value="edit_dialogs\uedt_feather.pp"/>
        <IsPartOfProject Value="True"/>
        <ComponentName Value="edtFeather"/>
        <HasResources Value="True"/>
        <ResourceBaseClass Value="Form"/>
      </Unit>
      <Unit>
        <Filename Value="dialogs\udlg_diagnostic.pp"/>
        <IsPartOfProject Value="True"/>
        <ComponentName Value="dlgDiagnostic"/>
        <HasResources Value="True"/>
        <ResourceBaseClass Value="Form"/>
      </Unit>
      <Unit>
        <Filename Value="edit_dialogs\ubatch_feathers.pp"/>
        <IsPartOfProject Value="True"/>
        <ComponentName Value="batchFeathers"/>
        <HasResources Value="True"/>
        <ResourceBaseClass Value="Form"/>
      </Unit>
      <Unit>
        <Filename Value="data_modules\udm_taxa.pp"/>
        <IsPartOfProject Value="True"/>
        <ComponentName Value="DMT"/>
        <HasResources Value="True"/>
        <ResourceBaseClass Value="DataModule"/>
      </Unit>
      <Unit>
        <Filename Value="data_modules\udm_reports.pp"/>
        <IsPartOfProject Value="True"/>
        <ComponentName Value="DMR"/>
        <HasResources Value="True"/>
        <ResourceBaseClass Value="DataModule"/>
      </Unit>
      <Unit>
        <Filename Value="models\models_xmobile.pp"/>
        <IsPartOfProject Value="True"/>
      </Unit>
      <Unit>
        <Filename Value="screens\ufrm_quickentry.pp"/>
        <IsPartOfProject Value="True"/>
        <ComponentName Value="frmQuickEntry"/>
        <HasResources Value="True"/>
        <ResourceBaseClass Value="Form"/>
      </Unit>
      <Unit>
        <Filename Value="dialogs\udlg_splash.pp"/>
        <IsPartOfProject Value="True"/>
        <ComponentName Value="dlgSplash"/>
        <HasResources Value="True"/>
        <ResourceBaseClass Value="Form"/>
      </Unit>
      <Unit>
        <Filename Value="dialogs\udlg_loading.pp"/>
        <IsPartOfProject Value="True"/>
        <ComponentName Value="dlgLoading"/>
        <HasResources Value="True"/>
        <ResourceBaseClass Value="Form"/>
      </Unit>
      <Unit>
        <Filename Value="dialogs\udlg_selectrecord.pp"/>
        <IsPartOfProject Value="True"/>
        <ComponentName Value="dlgSelectRecord"/>
        <HasResources Value="True"/>
        <ResourceBaseClass Value="Form"/>
      </Unit>
      <Unit>
        <Filename Value="data\data_consts.pp"/>
        <IsPartOfProject Value="True"/>
      </Unit>
      <Unit>
        <Filename Value="dialogs\udlg_onboarding.pp"/>
        <IsPartOfProject Value="True"/>
        <ComponentName Value="dlgOnboarding"/>
        <HasResources Value="True"/>
        <ResourceBaseClass Value="Form"/>
      </Unit>
      <Unit>
        <Filename Value="edit_dialogs\ubatch_bandstransfer.pp"/>
        <IsPartOfProject Value="True"/>
        <ComponentName Value="batchBandsTransfer"/>
        <HasResources Value="True"/>
        <ResourceBaseClass Value="Form"/>
      </Unit>
      <Unit>
        <Filename Value="utils\utils_gis.pp"/>
        <IsPartOfProject Value="True"/>
      </Unit>
      <Unit>
        <Filename Value="models\models_bands.pp"/>
        <IsPartOfProject Value="True"/>
      </Unit>
      <Unit>
        <Filename Value="models\models_sightings.pp"/>
        <IsPartOfProject Value="True"/>
      </Unit>
      <Unit>
        <Filename Value="models\models_institutions.pp"/>
        <IsPartOfProject Value="True"/>
      </Unit>
      <Unit>
        <Filename Value="models\models_people.pp"/>
        <IsPartOfProject Value="True"/>
      </Unit>
      <Unit>
        <Filename Value="models\models_permits.pp"/>
        <IsPartOfProject Value="True"/>
      </Unit>
      <Unit>
        <Filename Value="models\models_specimens.pp"/>
        <IsPartOfProject Value="True"/>
      </Unit>
      <Unit>
        <Filename Value="utils\utils_taxonomy.pp"/>
        <IsPartOfProject Value="True"/>
      </Unit>
      <Unit>
        <Filename Value="data_modules\udm_breeding.pp"/>
        <IsPartOfProject Value="True"/>
        <ComponentName Value="DMB"/>
        <HasResources Value="True"/>
        <ResourceBaseClass Value="DataModule"/>
      </Unit>
      <Unit>
        <Filename Value="io\io_ebird_csv.pp"/>
        <IsPartOfProject Value="True"/>
      </Unit>
      <Unit>
        <Filename Value="io\io_banding_csv.pp"/>
        <IsPartOfProject Value="True"/>
      </Unit>
      <Unit>
        <Filename Value="io\io_nesting_csv.pp"/>
        <IsPartOfProject Value="True"/>
      </Unit>
      <Unit>
        <Filename Value="io\io_csv.pp"/>
        <IsPartOfProject Value="True"/>
      </Unit>
      <Unit>
        <Filename Value="io\io_json.pp"/>
        <IsPartOfProject Value="True"/>
      </Unit>
      <Unit>
        <Filename Value="io\io_xml.pp"/>
        <IsPartOfProject Value="True"/>
      </Unit>
      <Unit>
        <Filename Value="io\io_dbf.pp"/>
        <IsPartOfProject Value="True"/>
      </Unit>
      <Unit>
        <Filename Value="io\io_xlsx.pp"/>
        <IsPartOfProject Value="True"/>
      </Unit>
      <Unit>
        <Filename Value="io\io_ods.pp"/>
        <IsPartOfProject Value="True"/>
      </Unit>
      <Unit>
        <Filename Value="models\models_sampling_plots.pp"/>
        <IsPartOfProject Value="True"/>
      </Unit>
      <Unit>
        <Filename Value="models\models_methods.pp"/>
        <IsPartOfProject Value="True"/>
      </Unit>
    </Units>
    <Debugger>
      <StoreDebuggerClassConfInSession Value="True"/>
      <StoreBackendConverterConfigInSession Value="True"/>
    </Debugger>
  </ProjectOptions>
  <CompilerOptions>
    <Version Value="11"/>
    <PathDelim Value="\"/>
    <Target>
      <Filename Value="../$(TargetOS)/$(TargetCPU)/Xolmis"/>
    </Target>
    <SearchPaths>
      <IncludeFiles Value="$(ProjOutDir)"/>
      <OtherUnitFiles Value="utils;data;models;dialogs;edit_dialogs;data_modules;screens;io"/>
      <UnitOutputDirectory Value="..\lib\$(TargetCPU)-$(TargetOS)"/>
    </SearchPaths>
    <Linking>
      <Debugging>
        <DebugInfoType Value="dsDwarf3"/>
      </Debugging>
      <Options>
        <Win32>
          <GraphicApplication Value="True"/>
        </Win32>
      </Options>
    </Linking>
  </CompilerOptions>
  <Debugging>
    <Exceptions>
      <Item>
        <Name Value="EAbort"/>
      </Item>
      <Item>
        <Name Value="ECodetoolError"/>
      </Item>
      <Item>
        <Name Value="EFOpenError"/>
      </Item>
    </Exceptions>
  </Debugging>
</CONFIG>
